
Microsoft Visual Studio Solution File, Format Version 12.00
# Visual Studio Version 16
VisualStudioVersion = 16.0.29728.190
MinimumVisualStudioVersion = 10.0.40219.1
Project("{9A19103F-16F7-4668-BE54-9A1E7A4F7556}") = "Portfolio.Storage", "Portfolio.Storage\Portfolio.Storage.csproj", "{B7E2B2F3-4913-4B6D-AB72-500E2DF1CEB3}"
EndProject
Project("{9A19103F-16F7-4668-BE54-9A1E7A4F7556}") = "Portfolio.API", "Portfolio.API\Portfolio.API.csproj", "{B91D2965-0187-4B1E-A97D-8C22C08ECFC7}"
EndProject
Project("{9A19103F-16F7-4668-BE54-9A1E7A4F7556}") = "Portfolio.Core", "Portfolio.Core\Portfolio.Core.csproj", "{86D924FC-FD81-4D49-B8B1-636990F532E2}"
EndProject
Project("{9A19103F-16F7-4668-BE54-9A1E7A4F7556}") = "Portfolio.Infrastructure", "Portfolio.Infrastructure\Portfolio.Infrastructure.csproj", "{63D9F220-4C7F-48F7-82E9-933212C33574}"
EndProject
Project("{9A19103F-16F7-4668-BE54-9A1E7A4F7556}") = "Portfolio.Identity", "Portfolio.Identity\Portfolio.Identity.csproj", "{D1D50BED-FA9C-41E0-8316-CBFB2BBAACBD}"
EndProject
Project("{9A19103F-16F7-4668-BE54-9A1E7A4F7556}") = "Portfolio.Typograf", "Portfolio.Typograf\Portfolio.Typograf.csproj", "{8A0177EC-030D-47A5-BD40-8A31A28FF4B4}"
EndProject
Project("{9A19103F-16F7-4668-BE54-9A1E7A4F7556}") = "Portfolio.Typograf.Test", "Portfolio.Typograf.Test\Portfolio.Typograf.Test.csproj", "{7A7532E7-4159-427D-BBD2-628BAA0ED8AD}"
EndProject
Project("{FAE04EC0-301F-11D3-BF4B-00C04F79EFBC}") = "Portfolio.Finance.API", "Portfolio.Finance.API\Portfolio.Finance.API.csproj", "{0C4AC1BB-85CB-4B3C-ACA6-A4B2DADA46B5}"
EndProject
Project("{FAE04EC0-301F-11D3-BF4B-00C04F79EFBC}") = "Portfolio.Finance.Services", "Portfolio.Finance.Services\Portfolio.Finance.Services.csproj", "{5322A86D-8DF1-4A00-8096-251FF319495C}"
EndProject
Project("{FAE04EC0-301F-11D3-BF4B-00C04F79EFBC}") = "Portfolio.Finance.Services.Test", "Portfolio.Finance.Services.Test\Portfolio.Finance.Services.Test.csproj", "{B0AA455F-511D-46EF-8B29-F2C69955B6B0}"
EndProject
Global
	GlobalSection(SolutionConfigurationPlatforms) = preSolution
		Debug|Any CPU = Debug|Any CPU
		Release|Any CPU = Release|Any CPU
	EndGlobalSection
	GlobalSection(ProjectConfigurationPlatforms) = postSolution
		{B7E2B2F3-4913-4B6D-AB72-500E2DF1CEB3}.Debug|Any CPU.ActiveCfg = Debug|Any CPU
		{B7E2B2F3-4913-4B6D-AB72-500E2DF1CEB3}.Debug|Any CPU.Build.0 = Debug|Any CPU
		{B7E2B2F3-4913-4B6D-AB72-500E2DF1CEB3}.Release|Any CPU.ActiveCfg = Release|Any CPU
		{B7E2B2F3-4913-4B6D-AB72-500E2DF1CEB3}.Release|Any CPU.Build.0 = Release|Any CPU
		{B91D2965-0187-4B1E-A97D-8C22C08ECFC7}.Debug|Any CPU.ActiveCfg = Debug|Any CPU
		{B91D2965-0187-4B1E-A97D-8C22C08ECFC7}.Debug|Any CPU.Build.0 = Debug|Any CPU
		{B91D2965-0187-4B1E-A97D-8C22C08ECFC7}.Release|Any CPU.ActiveCfg = Release|Any CPU
		{B91D2965-0187-4B1E-A97D-8C22C08ECFC7}.Release|Any CPU.Build.0 = Release|Any CPU
		{86D924FC-FD81-4D49-B8B1-636990F532E2}.Debug|Any CPU.ActiveCfg = Debug|Any CPU
		{86D924FC-FD81-4D49-B8B1-636990F532E2}.Debug|Any CPU.Build.0 = Debug|Any CPU
		{86D924FC-FD81-4D49-B8B1-636990F532E2}.Release|Any CPU.ActiveCfg = Release|Any CPU
		{86D924FC-FD81-4D49-B8B1-636990F532E2}.Release|Any CPU.Build.0 = Release|Any CPU
		{63D9F220-4C7F-48F7-82E9-933212C33574}.Debug|Any CPU.ActiveCfg = Debug|Any CPU
		{63D9F220-4C7F-48F7-82E9-933212C33574}.Debug|Any CPU.Build.0 = Debug|Any CPU
		{63D9F220-4C7F-48F7-82E9-933212C33574}.Release|Any CPU.ActiveCfg = Release|Any CPU
		{63D9F220-4C7F-48F7-82E9-933212C33574}.Release|Any CPU.Build.0 = Release|Any CPU
		{D1D50BED-FA9C-41E0-8316-CBFB2BBAACBD}.Debug|Any CPU.ActiveCfg = Debug|Any CPU
		{D1D50BED-FA9C-41E0-8316-CBFB2BBAACBD}.Debug|Any CPU.Build.0 = Debug|Any CPU
		{D1D50BED-FA9C-41E0-8316-CBFB2BBAACBD}.Release|Any CPU.ActiveCfg = Release|Any CPU
		{D1D50BED-FA9C-41E0-8316-CBFB2BBAACBD}.Release|Any CPU.Build.0 = Release|Any CPU
		{8A0177EC-030D-47A5-BD40-8A31A28FF4B4}.Debug|Any CPU.ActiveCfg = Debug|Any CPU
		{8A0177EC-030D-47A5-BD40-8A31A28FF4B4}.Debug|Any CPU.Build.0 = Debug|Any CPU
		{8A0177EC-030D-47A5-BD40-8A31A28FF4B4}.Release|Any CPU.ActiveCfg = Release|Any CPU
		{8A0177EC-030D-47A5-BD40-8A31A28FF4B4}.Release|Any CPU.Build.0 = Release|Any CPU
		{7A7532E7-4159-427D-BBD2-628BAA0ED8AD}.Debug|Any CPU.ActiveCfg = Debug|Any CPU
		{7A7532E7-4159-427D-BBD2-628BAA0ED8AD}.Debug|Any CPU.Build.0 = Debug|Any CPU
		{7A7532E7-4159-427D-BBD2-628BAA0ED8AD}.Release|Any CPU.ActiveCfg = Release|Any CPU
		{7A7532E7-4159-427D-BBD2-628BAA0ED8AD}.Release|Any CPU.Build.0 = Release|Any CPU
		{0C4AC1BB-85CB-4B3C-ACA6-A4B2DADA46B5}.Debug|Any CPU.ActiveCfg = Debug|Any CPU
		{0C4AC1BB-85CB-4B3C-ACA6-A4B2DADA46B5}.Debug|Any CPU.Build.0 = Debug|Any CPU
		{0C4AC1BB-85CB-4B3C-ACA6-A4B2DADA46B5}.Release|Any CPU.ActiveCfg = Release|Any CPU
		{0C4AC1BB-85CB-4B3C-ACA6-A4B2DADA46B5}.Release|Any CPU.Build.0 = Release|Any CPU
		{5322A86D-8DF1-4A00-8096-251FF319495C}.Debug|Any CPU.ActiveCfg = Debug|Any CPU
		{5322A86D-8DF1-4A00-8096-251FF319495C}.Debug|Any CPU.Build.0 = Debug|Any CPU
		{5322A86D-8DF1-4A00-8096-251FF319495C}.Release|Any CPU.ActiveCfg = Release|Any CPU
		{5322A86D-8DF1-4A00-8096-251FF319495C}.Release|Any CPU.Build.0 = Release|Any CPU
		{B0AA455F-511D-46EF-8B29-F2C69955B6B0}.Debug|Any CPU.ActiveCfg = Debug|Any CPU
		{B0AA455F-511D-46EF-8B29-F2C69955B6B0}.Debug|Any CPU.Build.0 = Debug|Any CPU
		{B0AA455F-511D-46EF-8B29-F2C69955B6B0}.Release|Any CPU.ActiveCfg = Release|Any CPU
		{B0AA455F-511D-46EF-8B29-F2C69955B6B0}.Release|Any CPU.Build.0 = Release|Any CPU
	EndGlobalSection
	GlobalSection(SolutionProperties) = preSolution
		HideSolutionNode = FALSE
	EndGlobalSection
	GlobalSection(ExtensibilityGlobals) = postSolution
		SolutionGuid = {93CDFEDD-6BAA-450F-BF0B-B6963EA159BD}
	EndGlobalSection
EndGlobal
